
Microsoft Visual Studio Solution File, Format Version 12.00
# Visual Studio 15
VisualStudioVersion = 15.0.27428.1
MinimumVisualStudioVersion = 10.0.40219.1
Project("{FAE04EC0-301F-11D3-BF4B-00C04F79EFBC}") = "TestModels", "TestModels\TestModels.csproj", "{39C94E8F-08D1-4AF0-85B8-6B216872ED74}"
EndProject
Project("{FAE04EC0-301F-11D3-BF4B-00C04F79EFBC}") = "TestService", "TestService\TestService.csproj", "{C5A966F6-0932-4691-B1D5-3E7F0F21932F}"
EndProject
Project("{FAE04EC0-301F-11D3-BF4B-00C04F79EFBC}") = "TestRestApi", "TestRestApi\TestRestApi.csproj", "{4E1C100D-1E62-45B8-A4C9-B79D83461EBF}"
EndProject
Project("{FAE04EC0-301F-11D3-BF4B-00C04F79EFBC}") = "TestView", "TestView\TestView.csproj", "{6F0AFD0D-3A1F-4BF4-897F-D230E02E0A2A}"
EndProject
Global
	GlobalSection(SolutionConfigurationPlatforms) = preSolution
		Debug|Any CPU = Debug|Any CPU
		Release|Any CPU = Release|Any CPU
	EndGlobalSection
	GlobalSection(ProjectConfigurationPlatforms) = postSolution
		{39C94E8F-08D1-4AF0-85B8-6B216872ED74}.Debug|Any CPU.ActiveCfg = Debug|Any CPU
		{39C94E8F-08D1-4AF0-85B8-6B216872ED74}.Debug|Any CPU.Build.0 = Debug|Any CPU
		{39C94E8F-08D1-4AF0-85B8-6B216872ED74}.Release|Any CPU.ActiveCfg = Release|Any CPU
		{39C94E8F-08D1-4AF0-85B8-6B216872ED74}.Release|Any CPU.Build.0 = Release|Any CPU
		{C5A966F6-0932-4691-B1D5-3E7F0F21932F}.Debug|Any CPU.ActiveCfg = Debug|Any CPU
		{C5A966F6-0932-4691-B1D5-3E7F0F21932F}.Debug|Any CPU.Build.0 = Debug|Any CPU
		{C5A966F6-0932-4691-B1D5-3E7F0F21932F}.Release|Any CPU.ActiveCfg = Release|Any CPU
		{C5A966F6-0932-4691-B1D5-3E7F0F21932F}.Release|Any CPU.Build.0 = Release|Any CPU
		{4E1C100D-1E62-45B8-A4C9-B79D83461EBF}.Debug|Any CPU.ActiveCfg = Debug|Any CPU
		{4E1C100D-1E62-45B8-A4C9-B79D83461EBF}.Debug|Any CPU.Build.0 = Debug|Any CPU
		{4E1C100D-1E62-45B8-A4C9-B79D83461EBF}.Release|Any CPU.ActiveCfg = Release|Any CPU
		{4E1C100D-1E62-45B8-A4C9-B79D83461EBF}.Release|Any CPU.Build.0 = Release|Any CPU
		{6F0AFD0D-3A1F-4BF4-897F-D230E02E0A2A}.Debug|Any CPU.ActiveCfg = Debug|Any CPU
		{6F0AFD0D-3A1F-4BF4-897F-D230E02E0A2A}.Debug|Any CPU.Build.0 = Debug|Any CPU
		{6F0AFD0D-3A1F-4BF4-897F-D230E02E0A2A}.Release|Any CPU.ActiveCfg = Release|Any CPU
		{6F0AFD0D-3A1F-4BF4-897F-D230E02E0A2A}.Release|Any CPU.Build.0 = Release|Any CPU
	EndGlobalSection
	GlobalSection(SolutionProperties) = preSolution
		HideSolutionNode = FALSE
	EndGlobalSection
	GlobalSection(ExtensibilityGlobals) = postSolution
		SolutionGuid = {9511701E-356B-4BF9-A1A9-04FB7D10FB61}
	EndGlobalSection
EndGlobal
